
Microsoft Visual Studio Solution File, Format Version 12.00
# Visual Studio 15
VisualStudioVersion = 15.0.27428.2015
MinimumVisualStudioVersion = 10.0.40219.1
Project("{FAE04EC0-301F-11D3-BF4B-00C04F79EFBC}") = "ContactLibrary", "ContactLibrary\ContactLibrary.csproj", "{F3765DEB-4FB4-4ADA-BF99-8AC04DB8C404}"
EndProject
Project("{FAE04EC0-301F-11D3-BF4B-00C04F79EFBC}") = "ContactClient", "ContactClient\ContactClient.csproj", "{C16F88C8-563E-4439-BD68-965FF7E414F9}"
EndProject
Global
	GlobalSection(SolutionConfigurationPlatforms) = preSolution
		Debug|Any CPU = Debug|Any CPU
		Release|Any CPU = Release|Any CPU
	EndGlobalSection
	GlobalSection(ProjectConfigurationPlatforms) = postSolution
		{F3765DEB-4FB4-4ADA-BF99-8AC04DB8C404}.Debug|Any CPU.ActiveCfg = Debug|Any CPU
		{F3765DEB-4FB4-4ADA-BF99-8AC04DB8C404}.Debug|Any CPU.Build.0 = Debug|Any CPU
		{F3765DEB-4FB4-4ADA-BF99-8AC04DB8C404}.Release|Any CPU.ActiveCfg = Release|Any CPU
		{F3765DEB-4FB4-4ADA-BF99-8AC04DB8C404}.Release|Any CPU.Build.0 = Release|Any CPU
		{C16F88C8-563E-4439-BD68-965FF7E414F9}.Debug|Any CPU.ActiveCfg = Debug|Any CPU
		{C16F88C8-563E-4439-BD68-965FF7E414F9}.Debug|Any CPU.Build.0 = Debug|Any CPU
		{C16F88C8-563E-4439-BD68-965FF7E414F9}.Release|Any CPU.ActiveCfg = Release|Any CPU
		{C16F88C8-563E-4439-BD68-965FF7E414F9}.Release|Any CPU.Build.0 = Release|Any CPU
	EndGlobalSection
	GlobalSection(SolutionProperties) = preSolution
		HideSolutionNode = FALSE
	EndGlobalSection
	GlobalSection(ExtensibilityGlobals) = postSolution
		SolutionGuid = {E7B15B32-2907-44AE-8481-879977C956D8}
	EndGlobalSection
EndGlobal
